// !$*UTF8*$!
{
	archiveVersion = 1;
	classes = {
	};
	objectVersion = 50;
	objects = {

/* Begin PBXBuildFile section */
		51100DA4266E78980029C31E /* NavigationCustomView.swift in Sources */ = {isa = PBXBuildFile; fileRef = 51100DA3266E78980029C31E /* NavigationCustomView.swift */; };
		5112A5FE266CE5DD0017A5C3 /* AppDelegate.swift in Sources */ = {isa = PBXBuildFile; fileRef = 5112A5FD266CE5DD0017A5C3 /* AppDelegate.swift */; };
		5112A600266CE5DD0017A5C3 /* SceneDelegate.swift in Sources */ = {isa = PBXBuildFile; fileRef = 5112A5FF266CE5DD0017A5C3 /* SceneDelegate.swift */; };
		5112A602266CE5DD0017A5C3 /* ContentView.swift in Sources */ = {isa = PBXBuildFile; fileRef = 5112A601266CE5DD0017A5C3 /* ContentView.swift */; };
		5112A604266CE5E00017A5C3 /* Assets.xcassets in Resources */ = {isa = PBXBuildFile; fileRef = 5112A603266CE5E00017A5C3 /* Assets.xcassets */; };
		5112A607266CE5E00017A5C3 /* Preview Assets.xcassets in Resources */ = {isa = PBXBuildFile; fileRef = 5112A606266CE5E00017A5C3 /* Preview Assets.xcassets */; };
		5112A60A266CE5E00017A5C3 /* LaunchScreen.storyboard in Resources */ = {isa = PBXBuildFile; fileRef = 5112A608266CE5E00017A5C3 /* LaunchScreen.storyboard */; };
		5112A618266CE8930017A5C3 /* player.json in Resources */ = {isa = PBXBuildFile; fileRef = 5112A614266CE8920017A5C3 /* player.json */; };
		5112A619266CE8930017A5C3 /* category.json in Resources */ = {isa = PBXBuildFile; fileRef = 5112A615266CE8920017A5C3 /* category.json */; };
		5112A61A266CE8930017A5C3 /* product.json in Resources */ = {isa = PBXBuildFile; fileRef = 5112A616266CE8920017A5C3 /* product.json */; };
		5112A61B266CE8930017A5C3 /* brand.json in Resources */ = {isa = PBXBuildFile; fileRef = 5112A617266CE8930017A5C3 /* brand.json */; };
		5112A624266CEAAE0017A5C3 /* Constants.swift in Sources */ = {isa = PBXBuildFile; fileRef = 5112A623266CEAAE0017A5C3 /* Constants.swift */; };
		5112A627266CEBB60017A5C3 /* FooterView.swift in Sources */ = {isa = PBXBuildFile; fileRef = 5112A626266CEBB60017A5C3 /* FooterView.swift */; };
		513FA232266F2D05000AF7BE /* BrandModel.swift in Sources */ = {isa = PBXBuildFile; fileRef = 513FA231266F2D05000AF7BE /* BrandModel.swift */; };
		513FA234266F2D86000AF7BE /* BrandIdemView.swift in Sources */ = {isa = PBXBuildFile; fileRef = 513FA233266F2D86000AF7BE /* BrandIdemView.swift */; };
		513FA236266F2E33000AF7BE /* BrandGridView.swift in Sources */ = {isa = PBXBuildFile; fileRef = 513FA235266F2E33000AF7BE /* BrandGridView.swift */; };
		51492DE9266E894300A5CACD /* GlobalResourceExamples.swift in Sources */ = {isa = PBXBuildFile; fileRef = 51492DE8266E894300A5CACD /* GlobalResourceExamples.swift */; };
		51492DEB266E89B000A5CACD /* CoverImageView.swift in Sources */ = {isa = PBXBuildFile; fileRef = 51492DEA266E89B000A5CACD /* CoverImageView.swift */; };
		51492DED266E89CC00A5CACD /* CodableBundle+Extension.swift in Sources */ = {isa = PBXBuildFile; fileRef = 51492DEC266E89CC00A5CACD /* CodableBundle+Extension.swift */; };
		51492DEF266E8A6F00A5CACD /* PlayerImageModel.swift in Sources */ = {isa = PBXBuildFile; fileRef = 51492DEE266E8A6F00A5CACD /* PlayerImageModel.swift */; };
		51492DF1266E939600A5CACD /* CoverImageItemView.swift in Sources */ = {isa = PBXBuildFile; fileRef = 51492DF0266E939600A5CACD /* CoverImageItemView.swift */; };
		518FF545266E7DE40073C114 /* LogoView.swift in Sources */ = {isa = PBXBuildFile; fileRef = 518FF544266E7DE40073C114 /* LogoView.swift */; };
		519A9CAF266EA3700060BECD /* CategoryModel.swift in Sources */ = {isa = PBXBuildFile; fileRef = 519A9CAE266EA3700060BECD /* CategoryModel.swift */; };
		519A9CB1266EA4CF0060BECD /* CategoryItemView.swift in Sources */ = {isa = PBXBuildFile; fileRef = 519A9CB0266EA4CF0060BECD /* CategoryItemView.swift */; };
		519A9CB3266EA6750060BECD /* CategoryGridView.swift in Sources */ = {isa = PBXBuildFile; fileRef = 519A9CB2266EA6750060BECD /* CategoryGridView.swift */; };
		519A9CB5266EA8480060BECD /* SectionView.swift in Sources */ = {isa = PBXBuildFile; fileRef = 519A9CB4266EA8480060BECD /* SectionView.swift */; };
		519A9CB7266EAB610060BECD /* ProductItemView.swift in Sources */ = {isa = PBXBuildFile; fileRef = 519A9CB6266EAB610060BECD /* ProductItemView.swift */; };
		519A9CB9266EAB960060BECD /* ProductItemModel.swift in Sources */ = {isa = PBXBuildFile; fileRef = 519A9CB8266EAB960060BECD /* ProductItemModel.swift */; };
		519A9CBB266EAED10060BECD /* ProductGridView.swift in Sources */ = {isa = PBXBuildFile; fileRef = 519A9CBA266EAED10060BECD /* ProductGridView.swift */; };
		519A9CBD266EB1330060BECD /* TitleView.swift in Sources */ = {isa = PBXBuildFile; fileRef = 519A9CBC266EB1330060BECD /* TitleView.swift */; };
/* End PBXBuildFile section */

/* Begin PBXFileReference section */
		51100DA3266E78980029C31E /* NavigationCustomView.swift */ = {isa = PBXFileReference; lastKnownFileType = sourcecode.swift; path = NavigationCustomView.swift; sourceTree = "<group>"; };
		5112A5FA266CE5DD0017A5C3 /* Came to Play Football.app */ = {isa = PBXFileReference; explicitFileType = wrapper.application; includeInIndex = 0; path = "Came to Play Football.app"; sourceTree = BUILT_PRODUCTS_DIR; };
		5112A5FD266CE5DD0017A5C3 /* AppDelegate.swift */ = {isa = PBXFileReference; lastKnownFileType = sourcecode.swift; path = AppDelegate.swift; sourceTree = "<group>"; };
		5112A5FF266CE5DD0017A5C3 /* SceneDelegate.swift */ = {isa = PBXFileReference; lastKnownFileType = sourcecode.swift; path = SceneDelegate.swift; sourceTree = "<group>"; };
		5112A601266CE5DD0017A5C3 /* ContentView.swift */ = {isa = PBXFileReference; lastKnownFileType = sourcecode.swift; path = ContentView.swift; sourceTree = "<group>"; };
		5112A603266CE5E00017A5C3 /* Assets.xcassets */ = {isa = PBXFileReference; lastKnownFileType = folder.assetcatalog; path = Assets.xcassets; sourceTree = "<group>"; };
		5112A606266CE5E00017A5C3 /* Preview Assets.xcassets */ = {isa = PBXFileReference; lastKnownFileType = folder.assetcatalog; path = "Preview Assets.xcassets"; sourceTree = "<group>"; };
		5112A609266CE5E00017A5C3 /* Base */ = {isa = PBXFileReference; lastKnownFileType = file.storyboard; name = Base; path = Base.lproj/LaunchScreen.storyboard; sourceTree = "<group>"; };
		5112A60B266CE5E00017A5C3 /* Info.plist */ = {isa = PBXFileReference; lastKnownFileType = text.plist.xml; path = Info.plist; sourceTree = "<group>"; };
		5112A614266CE8920017A5C3 /* player.json */ = {isa = PBXFileReference; fileEncoding = 4; lastKnownFileType = text.json; path = player.json; sourceTree = "<group>"; };
		5112A615266CE8920017A5C3 /* category.json */ = {isa = PBXFileReference; fileEncoding = 4; lastKnownFileType = text.json; path = category.json; sourceTree = "<group>"; };
		5112A616266CE8920017A5C3 /* product.json */ = {isa = PBXFileReference; fileEncoding = 4; lastKnownFileType = text.json; path = product.json; sourceTree = "<group>"; };
		5112A617266CE8930017A5C3 /* brand.json */ = {isa = PBXFileReference; fileEncoding = 4; lastKnownFileType = text.json; path = brand.json; sourceTree = "<group>"; };
		5112A623266CEAAE0017A5C3 /* Constants.swift */ = {isa = PBXFileReference; lastKnownFileType = sourcecode.swift; path = Constants.swift; sourceTree = "<group>"; };
		5112A626266CEBB60017A5C3 /* FooterView.swift */ = {isa = PBXFileReference; lastKnownFileType = sourcecode.swift; path = FooterView.swift; sourceTree = "<group>"; };
		513FA231266F2D05000AF7BE /* BrandModel.swift */ = {isa = PBXFileReference; lastKnownFileType = sourcecode.swift; path = BrandModel.swift; sourceTree = "<group>"; };
		513FA233266F2D86000AF7BE /* BrandIdemView.swift */ = {isa = PBXFileReference; lastKnownFileType = sourcecode.swift; path = BrandIdemView.swift; sourceTree = "<group>"; };
		513FA235266F2E33000AF7BE /* BrandGridView.swift */ = {isa = PBXFileReference; lastKnownFileType = sourcecode.swift; path = BrandGridView.swift; sourceTree = "<group>"; };
		51492DE8266E894300A5CACD /* GlobalResourceExamples.swift */ = {isa = PBXFileReference; lastKnownFileType = sourcecode.swift; path = GlobalResourceExamples.swift; sourceTree = "<group>"; };
		51492DEA266E89B000A5CACD /* CoverImageView.swift */ = {isa = PBXFileReference; lastKnownFileType = sourcecode.swift; path = CoverImageView.swift; sourceTree = "<group>"; };
		51492DEC266E89CC00A5CACD /* CodableBundle+Extension.swift */ = {isa = PBXFileReference; lastKnownFileType = sourcecode.swift; path = "CodableBundle+Extension.swift"; sourceTree = "<group>"; };
		51492DEE266E8A6F00A5CACD /* PlayerImageModel.swift */ = {isa = PBXFileReference; lastKnownFileType = sourcecode.swift; path = PlayerImageModel.swift; sourceTree = "<group>"; };
		51492DF0266E939600A5CACD /* CoverImageItemView.swift */ = {isa = PBXFileReference; lastKnownFileType = sourcecode.swift; path = CoverImageItemView.swift; sourceTree = "<group>"; };
		518FF544266E7DE40073C114 /* LogoView.swift */ = {isa = PBXFileReference; lastKnownFileType = sourcecode.swift; path = LogoView.swift; sourceTree = "<group>"; };
		519A9CAE266EA3700060BECD /* CategoryModel.swift */ = {isa = PBXFileReference; lastKnownFileType = sourcecode.swift; path = CategoryModel.swift; sourceTree = "<group>"; };
		519A9CB0266EA4CF0060BECD /* CategoryItemView.swift */ = {isa = PBXFileReference; lastKnownFileType = sourcecode.swift; path = CategoryItemView.swift; sourceTree = "<group>"; };
		519A9CB2266EA6750060BECD /* CategoryGridView.swift */ = {isa = PBXFileReference; lastKnownFileType = sourcecode.swift; path = CategoryGridView.swift; sourceTree = "<group>"; };
		519A9CB4266EA8480060BECD /* SectionView.swift */ = {isa = PBXFileReference; lastKnownFileType = sourcecode.swift; path = SectionView.swift; sourceTree = "<group>"; };
		519A9CB6266EAB610060BECD /* ProductItemView.swift */ = {isa = PBXFileReference; lastKnownFileType = sourcecode.swift; path = ProductItemView.swift; sourceTree = "<group>"; };
		519A9CB8266EAB960060BECD /* ProductItemModel.swift */ = {isa = PBXFileReference; lastKnownFileType = sourcecode.swift; path = ProductItemModel.swift; sourceTree = "<group>"; };
		519A9CBA266EAED10060BECD /* ProductGridView.swift */ = {isa = PBXFileReference; lastKnownFileType = sourcecode.swift; path = ProductGridView.swift; sourceTree = "<group>"; };
		519A9CBC266EB1330060BECD /* TitleView.swift */ = {isa = PBXFileReference; lastKnownFileType = sourcecode.swift; path = TitleView.swift; sourceTree = "<group>"; };
/* End PBXFileReference section */

/* Begin PBXFrameworksBuildPhase section */
		5112A5F7266CE5DD0017A5C3 /* Frameworks */ = {
			isa = PBXFrameworksBuildPhase;
			buildActionMask = 2147483647;
			files = (
			);
			runOnlyForDeploymentPostprocessing = 0;
		};
/* End PBXFrameworksBuildPhase section */

/* Begin PBXGroup section */
		5112A5F1266CE5DD0017A5C3 = {
			isa = PBXGroup;
			children = (
				5112A5FC266CE5DD0017A5C3 /* Came to Play Football */,
				5112A5FB266CE5DD0017A5C3 /* Products */,
			);
			sourceTree = "<group>";
		};
		5112A5FB266CE5DD0017A5C3 /* Products */ = {
			isa = PBXGroup;
			children = (
				5112A5FA266CE5DD0017A5C3 /* Came to Play Football.app */,
			);
			name = Products;
			sourceTree = "<group>";
		};
		5112A5FC266CE5DD0017A5C3 /* Came to Play Football */ = {
			isa = PBXGroup;
			children = (
				5112A613266CE7990017A5C3 /* APP */,
				5112A61D266CE8990017A5C3 /* Data */,
				5112A61F266CEA620017A5C3 /* Views */,
				5112A621266CEA760017A5C3 /* Extensions */,
				5112A620266CEA6E0017A5C3 /* Model */,
				5112A622266CEA7D0017A5C3 /* Utilities */,
				5112A603266CE5E00017A5C3 /* Assets.xcassets */,
				5112A608266CE5E00017A5C3 /* LaunchScreen.storyboard */,
				5112A60B266CE5E00017A5C3 /* Info.plist */,
				5112A605266CE5E00017A5C3 /* Preview Content */,
				51492DE8266E894300A5CACD /* GlobalResourceExamples.swift */,
			);
			path = "Came to Play Football";
			sourceTree = "<group>";
		};
		5112A605266CE5E00017A5C3 /* Preview Content */ = {
			isa = PBXGroup;
			children = (
				5112A606266CE5E00017A5C3 /* Preview Assets.xcassets */,
			);
			path = "Preview Content";
			sourceTree = "<group>";
		};
		5112A613266CE7990017A5C3 /* APP */ = {
			isa = PBXGroup;
			children = (
				5112A5FD266CE5DD0017A5C3 /* AppDelegate.swift */,
				5112A5FF266CE5DD0017A5C3 /* SceneDelegate.swift */,
				5112A601266CE5DD0017A5C3 /* ContentView.swift */,
			);
			path = APP;
			sourceTree = "<group>";
		};
		5112A61D266CE8990017A5C3 /* Data */ = {
			isa = PBXGroup;
			children = (
				5112A617266CE8930017A5C3 /* brand.json */,
				5112A615266CE8920017A5C3 /* category.json */,
				5112A614266CE8920017A5C3 /* player.json */,
				5112A616266CE8920017A5C3 /* product.json */,
			);
			path = Data;
			sourceTree = "<group>";
		};
		5112A61F266CEA620017A5C3 /* Views */ = {
			isa = PBXGroup;
			children = (
				5112A629266CEBBB0017A5C3 /* Home */,
			);
			path = Views;
			sourceTree = "<group>";
		};
		5112A620266CEA6E0017A5C3 /* Model */ = {
			isa = PBXGroup;
			children = (
				51492DEE266E8A6F00A5CACD /* PlayerImageModel.swift */,
				519A9CB8266EAB960060BECD /* ProductItemModel.swift */,
				519A9CAE266EA3700060BECD /* CategoryModel.swift */,
				513FA231266F2D05000AF7BE /* BrandModel.swift */,
			);
			path = Model;
			sourceTree = "<group>";
		};
		5112A621266CEA760017A5C3 /* Extensions */ = {
			isa = PBXGroup;
			children = (
				51492DEC266E89CC00A5CACD /* CodableBundle+Extension.swift */,
			);
			path = Extensions;
			sourceTree = "<group>";
		};
		5112A622266CEA7D0017A5C3 /* Utilities */ = {
			isa = PBXGroup;
			children = (
				5112A623266CEAAE0017A5C3 /* Constants.swift */,
			);
			path = Utilities;
			sourceTree = "<group>";
		};
		5112A629266CEBBB0017A5C3 /* Home */ = {
			isa = PBXGroup;
			children = (
				5112A626266CEBB60017A5C3 /* FooterView.swift */,
				51100DA3266E78980029C31E /* NavigationCustomView.swift */,
				519A9CB0266EA4CF0060BECD /* CategoryItemView.swift */,
				519A9CB6266EAB610060BECD /* ProductItemView.swift */,
				513FA233266F2D86000AF7BE /* BrandIdemView.swift */,
				51492DEA266E89B000A5CACD /* CoverImageView.swift */,
				519A9CBC266EB1330060BECD /* TitleView.swift */,
				519A9CB2266EA6750060BECD /* CategoryGridView.swift */,
				519A9CBA266EAED10060BECD /* ProductGridView.swift */,
				513FA235266F2E33000AF7BE /* BrandGridView.swift */,
				519A9CB4266EA8480060BECD /* SectionView.swift */,
				518FF544266E7DE40073C114 /* LogoView.swift */,
				51492DF0266E939600A5CACD /* CoverImageItemView.swift */,
			);
			path = Home;
			sourceTree = "<group>";
		};
/* End PBXGroup section */

/* Begin PBXNativeTarget section */
		5112A5F9266CE5DD0017A5C3 /* Came to Play Football */ = {
			isa = PBXNativeTarget;
			buildConfigurationList = 5112A60E266CE5E00017A5C3 /* Build configuration list for PBXNativeTarget "Came to Play Football" */;
			buildPhases = (
				5112A5F6266CE5DD0017A5C3 /* Sources */,
				5112A5F7266CE5DD0017A5C3 /* Frameworks */,
				5112A5F8266CE5DD0017A5C3 /* Resources */,
			);
			buildRules = (
			);
			dependencies = (
			);
			name = "Came to Play Football";
			productName = "Came to Play Football";
			productReference = 5112A5FA266CE5DD0017A5C3 /* Came to Play Football.app */;
			productType = "com.apple.product-type.application";
		};
/* End PBXNativeTarget section */

/* Begin PBXProject section */
		5112A5F2266CE5DD0017A5C3 /* Project object */ = {
			isa = PBXProject;
			attributes = {
				LastSwiftUpdateCheck = 1240;
				LastUpgradeCheck = 1240;
				TargetAttributes = {
					5112A5F9266CE5DD0017A5C3 = {
						CreatedOnToolsVersion = 12.4;
					};
				};
			};
			buildConfigurationList = 5112A5F5266CE5DD0017A5C3 /* Build configuration list for PBXProject "Came to Play Football" */;
			compatibilityVersion = "Xcode 9.3";
			developmentRegion = en;
			hasScannedForEncodings = 0;
			knownRegions = (
				en,
				Base,
			);
			mainGroup = 5112A5F1266CE5DD0017A5C3;
			productRefGroup = 5112A5FB266CE5DD0017A5C3 /* Products */;
			projectDirPath = "";
			projectRoot = "";
			targets = (
				5112A5F9266CE5DD0017A5C3 /* Came to Play Football */,
			);
		};
/* End PBXProject section */

/* Begin PBXResourcesBuildPhase section */
		5112A5F8266CE5DD0017A5C3 /* Resources */ = {
			isa = PBXResourcesBuildPhase;
			buildActionMask = 2147483647;
			files = (
				5112A618266CE8930017A5C3 /* player.json in Resources */,
				5112A60A266CE5E00017A5C3 /* LaunchScreen.storyboard in Resources */,
				5112A61B266CE8930017A5C3 /* brand.json in Resources */,
				5112A619266CE8930017A5C3 /* category.json in Resources */,
				5112A607266CE5E00017A5C3 /* Preview Assets.xcassets in Resources */,
				5112A604266CE5E00017A5C3 /* Assets.xcassets in Resources */,
				5112A61A266CE8930017A5C3 /* product.json in Resources */,
			);
			runOnlyForDeploymentPostprocessing = 0;
		};
/* End PBXResourcesBuildPhase section */

/* Begin PBXSourcesBuildPhase section */
		5112A5F6266CE5DD0017A5C3 /* Sources */ = {
			isa = PBXSourcesBuildPhase;
			buildActionMask = 2147483647;
			files = (
				519A9CAF266EA3700060BECD /* CategoryModel.swift in Sources */,
				51492DEF266E8A6F00A5CACD /* PlayerImageModel.swift in Sources */,
				519A9CB7266EAB610060BECD /* ProductItemView.swift in Sources */,
				5112A5FE266CE5DD0017A5C3 /* AppDelegate.swift in Sources */,
				519A9CB3266EA6750060BECD /* CategoryGridView.swift in Sources */,
				5112A600266CE5DD0017A5C3 /* SceneDelegate.swift in Sources */,
				513FA232266F2D05000AF7BE /* BrandModel.swift in Sources */,
				51492DF1266E939600A5CACD /* CoverImageItemView.swift in Sources */,
				5112A602266CE5DD0017A5C3 /* ContentView.swift in Sources */,
				5112A627266CEBB60017A5C3 /* FooterView.swift in Sources */,
				513FA236266F2E33000AF7BE /* BrandGridView.swift in Sources */,
				51492DED266E89CC00A5CACD /* CodableBundle+Extension.swift in Sources */,
				51492DEB266E89B000A5CACD /* CoverImageView.swift in Sources */,
				518FF545266E7DE40073C114 /* LogoView.swift in Sources */,
				519A9CB9266EAB960060BECD /* ProductItemModel.swift in Sources */,
				519A9CB1266EA4CF0060BECD /* CategoryItemView.swift in Sources */,
				519A9CB5266EA8480060BECD /* SectionView.swift in Sources */,
				5112A624266CEAAE0017A5C3 /* Constants.swift in Sources */,
				51100DA4266E78980029C31E /* NavigationCustomView.swift in Sources */,
				51492DE9266E894300A5CACD /* GlobalResourceExamples.swift in Sources */,
				519A9CBB266EAED10060BECD /* ProductGridView.swift in Sources */,
				519A9CBD266EB1330060BECD /* TitleView.swift in Sources */,
				513FA234266F2D86000AF7BE /* BrandIdemView.swift in Sources */,
			);
			runOnlyForDeploymentPostprocessing = 0;
		};
/* End PBXSourcesBuildPhase section */

/* Begin PBXVariantGroup section */
		5112A608266CE5E00017A5C3 /* LaunchScreen.storyboard */ = {
			isa = PBXVariantGroup;
			children = (
				5112A609266CE5E00017A5C3 /* Base */,
			);
			name = LaunchScreen.storyboard;
			sourceTree = "<group>";
		};
/* End PBXVariantGroup section */

/* Begin XCBuildConfiguration section */
		5112A60C266CE5E00017A5C3 /* Debug */ = {
			isa = XCBuildConfiguration;
			buildSettings = {
				ALWAYS_SEARCH_USER_PATHS = NO;
				CLANG_ANALYZER_NONNULL = YES;
				CLANG_ANALYZER_NUMBER_OBJECT_CONVERSION = YES_AGGRESSIVE;
				CLANG_CXX_LANGUAGE_STANDARD = "gnu++14";
				CLANG_CXX_LIBRARY = "libc++";
				CLANG_ENABLE_MODULES = YES;
				CLANG_ENABLE_OBJC_ARC = YES;
				CLANG_ENABLE_OBJC_WEAK = YES;
				CLANG_WARN_BLOCK_CAPTURE_AUTORELEASING = YES;
				CLANG_WARN_BOOL_CONVERSION = YES;
				CLANG_WARN_COMMA = YES;
				CLANG_WARN_CONSTANT_CONVERSION = YES;
				CLANG_WARN_DEPRECATED_OBJC_IMPLEMENTATIONS = YES;
				CLANG_WARN_DIRECT_OBJC_ISA_USAGE = YES_ERROR;
				CLANG_WARN_DOCUMENTATION_COMMENTS = YES;
				CLANG_WARN_EMPTY_BODY = YES;
				CLANG_WARN_ENUM_CONVERSION = YES;
				CLANG_WARN_INFINITE_RECURSION = YES;
				CLANG_WARN_INT_CONVERSION = YES;
				CLANG_WARN_NON_LITERAL_NULL_CONVERSION = YES;
				CLANG_WARN_OBJC_IMPLICIT_RETAIN_SELF = YES;
				CLANG_WARN_OBJC_LITERAL_CONVERSION = YES;
				CLANG_WARN_OBJC_ROOT_CLASS = YES_ERROR;
				CLANG_WARN_QUOTED_INCLUDE_IN_FRAMEWORK_HEADER = YES;
				CLANG_WARN_RANGE_LOOP_ANALYSIS = YES;
				CLANG_WARN_STRICT_PROTOTYPES = YES;
				CLANG_WARN_SUSPICIOUS_MOVE = YES;
				CLANG_WARN_UNGUARDED_AVAILABILITY = YES_AGGRESSIVE;
				CLANG_WARN_UNREACHABLE_CODE = YES;
				CLANG_WARN__DUPLICATE_METHOD_MATCH = YES;
				COPY_PHASE_STRIP = NO;
				DEBUG_INFORMATION_FORMAT = dwarf;
				ENABLE_STRICT_OBJC_MSGSEND = YES;
				ENABLE_TESTABILITY = YES;
				GCC_C_LANGUAGE_STANDARD = gnu11;
				GCC_DYNAMIC_NO_PIC = NO;
				GCC_NO_COMMON_BLOCKS = YES;
				GCC_OPTIMIZATION_LEVEL = 0;
				GCC_PREPROCESSOR_DEFINITIONS = (
					"DEBUG=1",
					"$(inherited)",
				);
				GCC_WARN_64_TO_32_BIT_CONVERSION = YES;
				GCC_WARN_ABOUT_RETURN_TYPE = YES_ERROR;
				GCC_WARN_UNDECLARED_SELECTOR = YES;
				GCC_WARN_UNINITIALIZED_AUTOS = YES_AGGRESSIVE;
				GCC_WARN_UNUSED_FUNCTION = YES;
				GCC_WARN_UNUSED_VARIABLE = YES;
				IPHONEOS_DEPLOYMENT_TARGET = 14.4;
				MTL_ENABLE_DEBUG_INFO = INCLUDE_SOURCE;
				MTL_FAST_MATH = YES;
				ONLY_ACTIVE_ARCH = YES;
				SDKROOT = iphoneos;
				SWIFT_ACTIVE_COMPILATION_CONDITIONS = DEBUG;
				SWIFT_OPTIMIZATION_LEVEL = "-Onone";
			};
			name = Debug;
		};
		5112A60D266CE5E00017A5C3 /* Release */ = {
			isa = XCBuildConfiguration;
			buildSettings = {
				ALWAYS_SEARCH_USER_PATHS = NO;
				CLANG_ANALYZER_NONNULL = YES;
				CLANG_ANALYZER_NUMBER_OBJECT_CONVERSION = YES_AGGRESSIVE;
				CLANG_CXX_LANGUAGE_STANDARD = "gnu++14";
				CLANG_CXX_LIBRARY = "libc++";
				CLANG_ENABLE_MODULES = YES;
				CLANG_ENABLE_OBJC_ARC = YES;
				CLANG_ENABLE_OBJC_WEAK = YES;
				CLANG_WARN_BLOCK_CAPTURE_AUTORELEASING = YES;
				CLANG_WARN_BOOL_CONVERSION = YES;
				CLANG_WARN_COMMA = YES;
				CLANG_WARN_CONSTANT_CONVERSION = YES;
				CLANG_WARN_DEPRECATED_OBJC_IMPLEMENTATIONS = YES;
				CLANG_WARN_DIRECT_OBJC_ISA_USAGE = YES_ERROR;
				CLANG_WARN_DOCUMENTATION_COMMENTS = YES;
				CLANG_WARN_EMPTY_BODY = YES;
				CLANG_WARN_ENUM_CONVERSION = YES;
				CLANG_WARN_INFINITE_RECURSION = YES;
				CLANG_WARN_INT_CONVERSION = YES;
				CLANG_WARN_NON_LITERAL_NULL_CONVERSION = YES;
				CLANG_WARN_OBJC_IMPLICIT_RETAIN_SELF = YES;
				CLANG_WARN_OBJC_LITERAL_CONVERSION = YES;
				CLANG_WARN_OBJC_ROOT_CLASS = YES_ERROR;
				CLANG_WARN_QUOTED_INCLUDE_IN_FRAMEWORK_HEADER = YES;
				CLANG_WARN_RANGE_LOOP_ANALYSIS = YES;
				CLANG_WARN_STRICT_PROTOTYPES = YES;
				CLANG_WARN_SUSPICIOUS_MOVE = YES;
				CLANG_WARN_UNGUARDED_AVAILABILITY = YES_AGGRESSIVE;
				CLANG_WARN_UNREACHABLE_CODE = YES;
				CLANG_WARN__DUPLICATE_METHOD_MATCH = YES;
				COPY_PHASE_STRIP = NO;
				DEBUG_INFORMATION_FORMAT = "dwarf-with-dsym";
				ENABLE_NS_ASSERTIONS = NO;
				ENABLE_STRICT_OBJC_MSGSEND = YES;
				GCC_C_LANGUAGE_STANDARD = gnu11;
				GCC_NO_COMMON_BLOCKS = YES;
				GCC_WARN_64_TO_32_BIT_CONVERSION = YES;
				GCC_WARN_ABOUT_RETURN_TYPE = YES_ERROR;
				GCC_WARN_UNDECLARED_SELECTOR = YES;
				GCC_WARN_UNINITIALIZED_AUTOS = YES_AGGRESSIVE;
				GCC_WARN_UNUSED_FUNCTION = YES;
				GCC_WARN_UNUSED_VARIABLE = YES;
				IPHONEOS_DEPLOYMENT_TARGET = 14.4;
				MTL_ENABLE_DEBUG_INFO = NO;
				MTL_FAST_MATH = YES;
				SDKROOT = iphoneos;
				SWIFT_COMPILATION_MODE = wholemodule;
				SWIFT_OPTIMIZATION_LEVEL = "-O";
				VALIDATE_PRODUCT = YES;
			};
			name = Release;
		};
		5112A60F266CE5E00017A5C3 /* Debug */ = {
			isa = XCBuildConfiguration;
			buildSettings = {
				ASSETCATALOG_COMPILER_APPICON_NAME = AppIcon;
				ASSETCATALOG_COMPILER_GLOBAL_ACCENT_COLOR_NAME = AccentColor;
				CODE_SIGN_STYLE = Automatic;
				DEVELOPMENT_ASSET_PATHS = "\"Came to Play Football/Preview Content\"";
				DEVELOPMENT_TEAM = 5J2G4846S8;
				ENABLE_PREVIEWS = YES;
				INFOPLIST_FILE = "Came to Play Football/Info.plist";
				IPHONEOS_DEPLOYMENT_TARGET = 14.1;
				LD_RUNPATH_SEARCH_PATHS = (
					"$(inherited)",
					"@executable_path/Frameworks",
				);
				PRODUCT_BUNDLE_IDENTIFIER = "com.alancasasas-gmail.Came-to-Play-Football";
				PRODUCT_NAME = "$(TARGET_NAME)";
				SWIFT_VERSION = 5.0;
				TARGETED_DEVICE_FAMILY = "1,2";
			};
			name = Debug;
		};
		5112A610266CE5E00017A5C3 /* Release */ = {
			isa = XCBuildConfiguration;
			buildSettings = {
				ASSETCATALOG_COMPILER_APPICON_NAME = AppIcon;
				ASSETCATALOG_COMPILER_GLOBAL_ACCENT_COLOR_NAME = AccentColor;
				CODE_SIGN_STYLE = Automatic;
				DEVELOPMENT_ASSET_PATHS = "\"Came to Play Football/Preview Content\"";
				DEVELOPMENT_TEAM = 5J2G4846S8;
				ENABLE_PREVIEWS = YES;
				INFOPLIST_FILE = "Came to Play Football/Info.plist";
				IPHONEOS_DEPLOYMENT_TARGET = 14.1;
				LD_RUNPATH_SEARCH_PATHS = (
					"$(inherited)",
					"@executable_path/Frameworks",
				);
				PRODUCT_BUNDLE_IDENTIFIER = "com.alancasasas-gmail.Came-to-Play-Football";
				PRODUCT_NAME = "$(TARGET_NAME)";
				SWIFT_VERSION = 5.0;
				TARGETED_DEVICE_FAMILY = "1,2";
			};
			name = Release;
		};
/* End XCBuildConfiguration section */

/* Begin XCConfigurationList section */
		5112A5F5266CE5DD0017A5C3 /* Build configuration list for PBXProject "Came to Play Football" */ = {
			isa = XCConfigurationList;
			buildConfigurations = (
				5112A60C266CE5E00017A5C3 /* Debug */,
				5112A60D266CE5E00017A5C3 /* Release */,
			);
			defaultConfigurationIsVisible = 0;
			defaultConfigurationName = Release;
		};
		5112A60E266CE5E00017A5C3 /* Build configuration list for PBXNativeTarget "Came to Play Football" */ = {
			isa = XCConfigurationList;
			buildConfigurations = (
				5112A60F266CE5E00017A5C3 /* Debug */,
				5112A610266CE5E00017A5C3 /* Release */,
			);
			defaultConfigurationIsVisible = 0;
			defaultConfigurationName = Release;
		};
/* End XCConfigurationList section */
	};
	rootObject = 5112A5F2266CE5DD0017A5C3 /* Project object */;
}
